
Microsoft Visual Studio Solution File, Format Version 12.00
# Visual Studio Version 17
VisualStudioVersion = 17.4.33213.308
MinimumVisualStudioVersion = 10.0.40219.1
Project("{FAE04EC0-301F-11D3-BF4B-00C04F79EFBC}") = "TopLevelStatementInvestigation", "TopLevelStatementInvestigation\TopLevelStatementInvestigation.csproj", "{56F98FFB-C2C1-4436-8C72-7D381BDE8636}"
EndProject
Project("{FAE04EC0-301F-11D3-BF4B-00C04F79EFBC}") = "EntityFrameworkHelloWorld", "EntityFrameworkHelloWorld\EntityFrameworkHelloWorld.csproj", "{B1B8754B-A843-48DD-B83A-950C01A02E9C}"
EndProject
Global
	GlobalSection(SolutionConfigurationPlatforms) = preSolution
		Debug|Any CPU = Debug|Any CPU
		Release|Any CPU = Release|Any CPU
	EndGlobalSection
	GlobalSection(ProjectConfigurationPlatforms) = postSolution
		{56F98FFB-C2C1-4436-8C72-7D381BDE8636}.Debug|Any CPU.ActiveCfg = Debug|Any CPU
		{56F98FFB-C2C1-4436-8C72-7D381BDE8636}.Debug|Any CPU.Build.0 = Debug|Any CPU
		{56F98FFB-C2C1-4436-8C72-7D381BDE8636}.Release|Any CPU.ActiveCfg = Release|Any CPU
		{56F98FFB-C2C1-4436-8C72-7D381BDE8636}.Release|Any CPU.Build.0 = Release|Any CPU
		{B1B8754B-A843-48DD-B83A-950C01A02E9C}.Debug|Any CPU.ActiveCfg = Debug|Any CPU
		{B1B8754B-A843-48DD-B83A-950C01A02E9C}.Debug|Any CPU.Build.0 = Debug|Any CPU
		{B1B8754B-A843-48DD-B83A-950C01A02E9C}.Release|Any CPU.ActiveCfg = Release|Any CPU
		{B1B8754B-A843-48DD-B83A-950C01A02E9C}.Release|Any CPU.Build.0 = Release|Any CPU
	EndGlobalSection
	GlobalSection(SolutionProperties) = preSolution
		HideSolutionNode = FALSE
	EndGlobalSection
	GlobalSection(ExtensibilityGlobals) = postSolution
		SolutionGuid = {5147897F-ACEC-4910-BF94-E26AD4751209}
	EndGlobalSection
EndGlobal
