
Microsoft Visual Studio Solution File, Format Version 12.00
# Visual Studio Version 17
VisualStudioVersion = 17.4.33213.308
MinimumVisualStudioVersion = 10.0.40219.1
Project("{9A19103F-16F7-4668-BE54-9A1E7A4F7556}") = "TopLevelStatementInvestigation", "TopLevelStatementInvestigation\TopLevelStatementInvestigation.csproj", "{56F98FFB-C2C1-4436-8C72-7D381BDE8636}"
EndProject
Project("{9A19103F-16F7-4668-BE54-9A1E7A4F7556}") = "EntityFrameworkHelloWorld", "EntityFrameworkHelloWorld\EntityFrameworkHelloWorld.csproj", "{B1B8754B-A843-48DD-B83A-950C01A02E9C}"
EndProject
Project("{9A19103F-16F7-4668-BE54-9A1E7A4F7556}") = "EFInvestigation", "EFInvestigation\EFInvestigation.csproj", "{3DFB5368-BD16-40DE-B608-411276D75295}"
EndProject
Project("{9A19103F-16F7-4668-BE54-9A1E7A4F7556}") = "EFInvestigationDataFirst", "EFInvestigationDataFirst\EFInvestigationDataFirst.csproj", "{5E0E4BE5-9FE1-47CE-A78D-B6EEBFC77BBA}"
EndProject
Project("{9A19103F-16F7-4668-BE54-9A1E7A4F7556}") = "SqlServerDataFirstInvestigation", "SqlServerDataFirstInvestigation\SqlServerDataFirstInvestigation.csproj", "{28B912C4-BB9B-420B-9802-071051F93101}"
EndProject
Project("{9A19103F-16F7-4668-BE54-9A1E7A4F7556}") = "EFCodeFirstSqlServer", "EFCodeFirstSqlServer\EFCodeFirstSqlServer.csproj", "{5BFB4870-A545-4B57-A2FB-FC7A2C9B88E0}"
EndProject
Project("{9A19103F-16F7-4668-BE54-9A1E7A4F7556}") = "HelloWorldWebApp", "HelloWorldWebApp\HelloWorldWebApp.csproj", "{BC4F08AE-7A4E-4DF7-AB31-19968855A187}"
EndProject
Project("{9A19103F-16F7-4668-BE54-9A1E7A4F7556}") = "MVCWebAppInvestigation", "MVCWebAppInvestigation\MVCWebAppInvestigation.csproj", "{FB0838EE-15F2-4B28-8C20-FFE8260F9AF4}"
EndProject
Project("{9A19103F-16F7-4668-BE54-9A1E7A4F7556}") = "RestServiceInvestigation", "RestServiceInvestigation\RestServiceInvestigation.csproj", "{354E0488-9F03-46D7-9C28-9DBBE34CBD52}"
EndProject
Project("{9A19103F-16F7-4668-BE54-9A1E7A4F7556}") = "AuthenticationInvestigation", "AuthenticationInvestigation\AuthenticationInvestigation.csproj", "{384E6C8F-E674-4502-B14D-8BE6B47A7ACA}"
EndProject
Project("{FAE04EC0-301F-11D3-BF4B-00C04F79EFBC}") = "GraphQLInvestigation", "GraphQLInvestigation\GraphQLInvestigation.csproj", "{D212D6CB-5803-4561-ADC5-C3FB975F6035}"
EndProject
Global
	GlobalSection(SolutionConfigurationPlatforms) = preSolution
		Debug|Any CPU = Debug|Any CPU
		Release|Any CPU = Release|Any CPU
	EndGlobalSection
	GlobalSection(ProjectConfigurationPlatforms) = postSolution
		{56F98FFB-C2C1-4436-8C72-7D381BDE8636}.Debug|Any CPU.ActiveCfg = Debug|Any CPU
		{56F98FFB-C2C1-4436-8C72-7D381BDE8636}.Debug|Any CPU.Build.0 = Debug|Any CPU
		{56F98FFB-C2C1-4436-8C72-7D381BDE8636}.Release|Any CPU.ActiveCfg = Release|Any CPU
		{56F98FFB-C2C1-4436-8C72-7D381BDE8636}.Release|Any CPU.Build.0 = Release|Any CPU
		{B1B8754B-A843-48DD-B83A-950C01A02E9C}.Debug|Any CPU.ActiveCfg = Debug|Any CPU
		{B1B8754B-A843-48DD-B83A-950C01A02E9C}.Debug|Any CPU.Build.0 = Debug|Any CPU
		{B1B8754B-A843-48DD-B83A-950C01A02E9C}.Release|Any CPU.ActiveCfg = Release|Any CPU
		{B1B8754B-A843-48DD-B83A-950C01A02E9C}.Release|Any CPU.Build.0 = Release|Any CPU
		{3DFB5368-BD16-40DE-B608-411276D75295}.Debug|Any CPU.ActiveCfg = Debug|Any CPU
		{3DFB5368-BD16-40DE-B608-411276D75295}.Debug|Any CPU.Build.0 = Debug|Any CPU
		{3DFB5368-BD16-40DE-B608-411276D75295}.Release|Any CPU.ActiveCfg = Release|Any CPU
		{3DFB5368-BD16-40DE-B608-411276D75295}.Release|Any CPU.Build.0 = Release|Any CPU
		{5E0E4BE5-9FE1-47CE-A78D-B6EEBFC77BBA}.Debug|Any CPU.ActiveCfg = Debug|Any CPU
		{5E0E4BE5-9FE1-47CE-A78D-B6EEBFC77BBA}.Debug|Any CPU.Build.0 = Debug|Any CPU
		{5E0E4BE5-9FE1-47CE-A78D-B6EEBFC77BBA}.Release|Any CPU.ActiveCfg = Release|Any CPU
		{5E0E4BE5-9FE1-47CE-A78D-B6EEBFC77BBA}.Release|Any CPU.Build.0 = Release|Any CPU
		{28B912C4-BB9B-420B-9802-071051F93101}.Debug|Any CPU.ActiveCfg = Debug|Any CPU
		{28B912C4-BB9B-420B-9802-071051F93101}.Debug|Any CPU.Build.0 = Debug|Any CPU
		{28B912C4-BB9B-420B-9802-071051F93101}.Release|Any CPU.ActiveCfg = Release|Any CPU
		{28B912C4-BB9B-420B-9802-071051F93101}.Release|Any CPU.Build.0 = Release|Any CPU
		{5BFB4870-A545-4B57-A2FB-FC7A2C9B88E0}.Debug|Any CPU.ActiveCfg = Debug|Any CPU
		{5BFB4870-A545-4B57-A2FB-FC7A2C9B88E0}.Debug|Any CPU.Build.0 = Debug|Any CPU
		{5BFB4870-A545-4B57-A2FB-FC7A2C9B88E0}.Release|Any CPU.ActiveCfg = Release|Any CPU
		{5BFB4870-A545-4B57-A2FB-FC7A2C9B88E0}.Release|Any CPU.Build.0 = Release|Any CPU
		{BC4F08AE-7A4E-4DF7-AB31-19968855A187}.Debug|Any CPU.ActiveCfg = Debug|Any CPU
		{BC4F08AE-7A4E-4DF7-AB31-19968855A187}.Debug|Any CPU.Build.0 = Debug|Any CPU
		{BC4F08AE-7A4E-4DF7-AB31-19968855A187}.Release|Any CPU.ActiveCfg = Release|Any CPU
		{BC4F08AE-7A4E-4DF7-AB31-19968855A187}.Release|Any CPU.Build.0 = Release|Any CPU
		{FB0838EE-15F2-4B28-8C20-FFE8260F9AF4}.Debug|Any CPU.ActiveCfg = Debug|Any CPU
		{FB0838EE-15F2-4B28-8C20-FFE8260F9AF4}.Debug|Any CPU.Build.0 = Debug|Any CPU
		{FB0838EE-15F2-4B28-8C20-FFE8260F9AF4}.Release|Any CPU.ActiveCfg = Release|Any CPU
		{FB0838EE-15F2-4B28-8C20-FFE8260F9AF4}.Release|Any CPU.Build.0 = Release|Any CPU
		{354E0488-9F03-46D7-9C28-9DBBE34CBD52}.Debug|Any CPU.ActiveCfg = Debug|Any CPU
		{354E0488-9F03-46D7-9C28-9DBBE34CBD52}.Debug|Any CPU.Build.0 = Debug|Any CPU
		{354E0488-9F03-46D7-9C28-9DBBE34CBD52}.Release|Any CPU.ActiveCfg = Release|Any CPU
		{354E0488-9F03-46D7-9C28-9DBBE34CBD52}.Release|Any CPU.Build.0 = Release|Any CPU
		{384E6C8F-E674-4502-B14D-8BE6B47A7ACA}.Debug|Any CPU.ActiveCfg = Debug|Any CPU
		{384E6C8F-E674-4502-B14D-8BE6B47A7ACA}.Debug|Any CPU.Build.0 = Debug|Any CPU
		{384E6C8F-E674-4502-B14D-8BE6B47A7ACA}.Release|Any CPU.ActiveCfg = Release|Any CPU
		{384E6C8F-E674-4502-B14D-8BE6B47A7ACA}.Release|Any CPU.Build.0 = Release|Any CPU
		{D212D6CB-5803-4561-ADC5-C3FB975F6035}.Debug|Any CPU.ActiveCfg = Debug|Any CPU
		{D212D6CB-5803-4561-ADC5-C3FB975F6035}.Debug|Any CPU.Build.0 = Debug|Any CPU
		{D212D6CB-5803-4561-ADC5-C3FB975F6035}.Release|Any CPU.ActiveCfg = Release|Any CPU
		{D212D6CB-5803-4561-ADC5-C3FB975F6035}.Release|Any CPU.Build.0 = Release|Any CPU
	EndGlobalSection
	GlobalSection(SolutionProperties) = preSolution
		HideSolutionNode = FALSE
	EndGlobalSection
	GlobalSection(ExtensibilityGlobals) = postSolution
		SolutionGuid = {5147897F-ACEC-4910-BF94-E26AD4751209}
	EndGlobalSection
EndGlobal
